
Microsoft Visual Studio Solution File, Format Version 12.00
# Visual Studio Version 16
VisualStudioVersion = 16.0.29409.12
MinimumVisualStudioVersion = 10.0.40219.1
Project("{FAE04EC0-301F-11D3-BF4B-00C04F79EFBC}") = "Vetor1", "Vetor1\Vetor1.csproj", "{2758FDB2-1A76-454C-BFA2-96B6890032FC}"
EndProject
Global
	GlobalSection(SolutionConfigurationPlatforms) = preSolution
		Debug|Any CPU = Debug|Any CPU
		Release|Any CPU = Release|Any CPU
	EndGlobalSection
	GlobalSection(ProjectConfigurationPlatforms) = postSolution
		{2758FDB2-1A76-454C-BFA2-96B6890032FC}.Debug|Any CPU.ActiveCfg = Debug|Any CPU
		{2758FDB2-1A76-454C-BFA2-96B6890032FC}.Debug|Any CPU.Build.0 = Debug|Any CPU
		{2758FDB2-1A76-454C-BFA2-96B6890032FC}.Release|Any CPU.ActiveCfg = Release|Any CPU
		{2758FDB2-1A76-454C-BFA2-96B6890032FC}.Release|Any CPU.Build.0 = Release|Any CPU
	EndGlobalSection
	GlobalSection(SolutionProperties) = preSolution
		HideSolutionNode = FALSE
	EndGlobalSection
	GlobalSection(ExtensibilityGlobals) = postSolution
		SolutionGuid = {2BF1BA35-EB6B-4DB1-B6BA-2631097B5E4A}
	EndGlobalSection
EndGlobal
